
Microsoft Visual Studio Solution File, Format Version 12.00
# Visual Studio Version 17
VisualStudioVersion = 17.14.37301.10 d17.14
MinimumVisualStudioVersion = 10.0.40219.1
Project("{FAE04EC0-301F-11D3-BF4B-00C04F79EFBC}") = "App.windowsApp", "Electronics_Store\App.windowsApp.csproj", "{DBD17680-6407-44D6-BA42-EA9AE01299F0}"
EndProject
Project("{FAE04EC0-301F-11D3-BF4B-00C04F79EFBC}") = "App.Core", "App.Core\App.Core.csproj", "{CFE046AD-8E27-4E4C-AD14-3120D080F3CB}"
EndProject
Global
	GlobalSection(SolutionConfigurationPlatforms) = preSolution
		Debug|Any CPU = Debug|Any CPU
		Release|Any CPU = Release|Any CPU
	EndGlobalSection
	GlobalSection(ProjectConfigurationPlatforms) = postSolution
		{DBD17680-6407-44D6-BA42-EA9AE01299F0}.Debug|Any CPU.ActiveCfg = Debug|Any CPU
		{DBD17680-6407-44D6-BA42-EA9AE01299F0}.Debug|Any CPU.Build.0 = Debug|Any CPU
		{DBD17680-6407-44D6-BA42-EA9AE01299F0}.Release|Any CPU.ActiveCfg = Release|Any CPU
		{DBD17680-6407-44D6-BA42-EA9AE01299F0}.Release|Any CPU.Build.0 = Release|Any CPU
		{CFE046AD-8E27-4E4C-AD14-3120D080F3CB}.Debug|Any CPU.ActiveCfg = Debug|Any CPU
		{CFE046AD-8E27-4E4C-AD14-3120D080F3CB}.Debug|Any CPU.Build.0 = Debug|Any CPU
		{CFE046AD-8E27-4E4C-AD14-3120D080F3CB}.Release|Any CPU.ActiveCfg = Release|Any CPU
		{CFE046AD-8E27-4E4C-AD14-3120D080F3CB}.Release|Any CPU.Build.0 = Release|Any CPU
	EndGlobalSection
	GlobalSection(SolutionProperties) = preSolution
		HideSolutionNode = FALSE
	EndGlobalSection
	GlobalSection(ExtensibilityGlobals) = postSolution
		SolutionGuid = {D562BC53-4544-4C6F-902B-A9B952392D72}
	EndGlobalSection
EndGlobal
